// !$*UTF8*$!
{
	archiveVersion = 1;
	classes = {
	};
	objectVersion = 46;
	objects = {

/* Begin PBXBuildFile section */
		2B0406941CCFF13E00AFE6D2 /* OverlayView.swift in Sources */ = {isa = PBXBuildFile; fileRef = 2B0406931CCFF13E00AFE6D2 /* OverlayView.swift */; };
		2B14E8DB1CC715D6006EF784 /* AppDelegate.swift in Sources */ = {isa = PBXBuildFile; fileRef = 2B14E8DA1CC715D6006EF784 /* AppDelegate.swift */; };
		2B14E8DD1CC715D6006EF784 /* MainRestaurantViewController.swift in Sources */ = {isa = PBXBuildFile; fileRef = 2B14E8DC1CC715D6006EF784 /* MainRestaurantViewController.swift */; };
		2B14E8E01CC715D6006EF784 /* Main.storyboard in Resources */ = {isa = PBXBuildFile; fileRef = 2B14E8DE1CC715D6006EF784 /* Main.storyboard */; };
		2B14E8E31CC715D6006EF784 /* LocalEats.xcdatamodeld in Sources */ = {isa = PBXBuildFile; fileRef = 2B14E8E11CC715D6006EF784 /* LocalEats.xcdatamodeld */; };
		2B14E8E51CC715D6006EF784 /* Assets.xcassets in Resources */ = {isa = PBXBuildFile; fileRef = 2B14E8E41CC715D6006EF784 /* Assets.xcassets */; };
		2B14E8E81CC715D6006EF784 /* LaunchScreen.storyboard in Resources */ = {isa = PBXBuildFile; fileRef = 2B14E8E61CC715D6006EF784 /* LaunchScreen.storyboard */; };
		2B14E8F31CC715D6006EF784 /* LocalEatsTests.swift in Sources */ = {isa = PBXBuildFile; fileRef = 2B14E8F21CC715D6006EF784 /* LocalEatsTests.swift */; };
		2B14E8FE1CC715D6006EF784 /* LocalEatsUITests.swift in Sources */ = {isa = PBXBuildFile; fileRef = 2B14E8FD1CC715D6006EF784 /* LocalEatsUITests.swift */; };
		2B2D5FAB1CC73136008B6740 /* CoreLocation.framework in Frameworks */ = {isa = PBXBuildFile; fileRef = 2B2D5FAA1CC73136008B6740 /* CoreLocation.framework */; };
		2B2D5FB61CC73225008B6740 /* YelpAPILoader.swift in Sources */ = {isa = PBXBuildFile; fileRef = 2B2D5FB51CC73225008B6740 /* YelpAPILoader.swift */; };
		2B2D5FBD1CC747A9008B6740 /* RestaurantList.swift in Sources */ = {isa = PBXBuildFile; fileRef = 2B2D5FBC1CC747A9008B6740 /* RestaurantList.swift */; };
		2B2D5FBF1CC747C6008B6740 /* Restaurant.swift in Sources */ = {isa = PBXBuildFile; fileRef = 2B2D5FBE1CC747C6008B6740 /* Restaurant.swift */; };
		2B4C4BE71CD1672800466363 /* YelpAPIClient.swift in Sources */ = {isa = PBXBuildFile; fileRef = 2B4C4BE61CD1672800466363 /* YelpAPIClient.swift */; };
		2B4FDA261CD13A12003BA747 /* UIImage+Gif.swift in Sources */ = {isa = PBXBuildFile; fileRef = 2B4FDA251CD13A12003BA747 /* UIImage+Gif.swift */; };
		2B4FDA461CD141D1003BA747 /* yelp_star.gif in Resources */ = {isa = PBXBuildFile; fileRef = 2B4FDA451CD141D1003BA747 /* yelp_star.gif */; };
		2BC064361CD1511000E23D9D /* Dictionary+OAuthSwift.swift in Sources */ = {isa = PBXBuildFile; fileRef = 2BC064211CD1511000E23D9D /* Dictionary+OAuthSwift.swift */; };
		2BC064371CD1511000E23D9D /* HMAC.swift in Sources */ = {isa = PBXBuildFile; fileRef = 2BC064221CD1511000E23D9D /* HMAC.swift */; };
		2BC064391CD1511000E23D9D /* Int+OAuthSwift.swift in Sources */ = {isa = PBXBuildFile; fileRef = 2BC064241CD1511000E23D9D /* Int+OAuthSwift.swift */; };
		2BC0643A1CD1511000E23D9D /* NSData+OAuthSwift.swift in Sources */ = {isa = PBXBuildFile; fileRef = 2BC064251CD1511000E23D9D /* NSData+OAuthSwift.swift */; };
		2BC0643B1CD1511000E23D9D /* NSDate+OAuthSwift.swift in Sources */ = {isa = PBXBuildFile; fileRef = 2BC064261CD1511000E23D9D /* NSDate+OAuthSwift.swift */; };
		2BC0643C1CD1511000E23D9D /* NSURL+OAuthSwift.swift in Sources */ = {isa = PBXBuildFile; fileRef = 2BC064271CD1511000E23D9D /* NSURL+OAuthSwift.swift */; };
		2BC0643D1CD1511000E23D9D /* OAuth1Swift.swift in Sources */ = {isa = PBXBuildFile; fileRef = 2BC064281CD1511000E23D9D /* OAuth1Swift.swift */; };
		2BC0643E1CD1511000E23D9D /* OAuth2Swift.swift in Sources */ = {isa = PBXBuildFile; fileRef = 2BC064291CD1511000E23D9D /* OAuth2Swift.swift */; };
		2BC0643F1CD1511000E23D9D /* OAuthSwift.swift in Sources */ = {isa = PBXBuildFile; fileRef = 2BC0642B1CD1511000E23D9D /* OAuthSwift.swift */; };
		2BC064401CD1511000E23D9D /* OAuthSwiftClient.swift in Sources */ = {isa = PBXBuildFile; fileRef = 2BC0642C1CD1511000E23D9D /* OAuthSwiftClient.swift */; };
		2BC064411CD1511000E23D9D /* OAuthSwiftCredential.swift in Sources */ = {isa = PBXBuildFile; fileRef = 2BC0642D1CD1511000E23D9D /* OAuthSwiftCredential.swift */; };
		2BC064421CD1511000E23D9D /* OAuthSwiftHTTPRequest.swift in Sources */ = {isa = PBXBuildFile; fileRef = 2BC0642E1CD1511000E23D9D /* OAuthSwiftHTTPRequest.swift */; };
		2BC064431CD1511000E23D9D /* OAuthSwiftMultipartData.swift in Sources */ = {isa = PBXBuildFile; fileRef = 2BC0642F1CD1511000E23D9D /* OAuthSwiftMultipartData.swift */; };
		2BC064441CD1511000E23D9D /* OAuthSwiftURLHandlerType.swift in Sources */ = {isa = PBXBuildFile; fileRef = 2BC064301CD1511000E23D9D /* OAuthSwiftURLHandlerType.swift */; };
		2BC064451CD1511000E23D9D /* OAuthWebViewController.swift in Sources */ = {isa = PBXBuildFile; fileRef = 2BC064311CD1511000E23D9D /* OAuthWebViewController.swift */; };
		2BC064461CD1511000E23D9D /* SHA1.swift in Sources */ = {isa = PBXBuildFile; fileRef = 2BC064321CD1511000E23D9D /* SHA1.swift */; };
		2BC064471CD1511000E23D9D /* String+OAuthSwift.swift in Sources */ = {isa = PBXBuildFile; fileRef = 2BC064331CD1511000E23D9D /* String+OAuthSwift.swift */; };
		2BC064481CD1511000E23D9D /* UIApplication+OAuthSwift.swift in Sources */ = {isa = PBXBuildFile; fileRef = 2BC064341CD1511000E23D9D /* UIApplication+OAuthSwift.swift */; };
		2BC064491CD1511000E23D9D /* Utils.swift in Sources */ = {isa = PBXBuildFile; fileRef = 2BC064351CD1511000E23D9D /* Utils.swift */; };
		2BCF8B8F1CC7E2A800F424F2 /* UserProfile.swift in Sources */ = {isa = PBXBuildFile; fileRef = 2BCF8B8E1CC7E2A800F424F2 /* UserProfile.swift */; };
		2BDF900D1CD1B796002E42CC /* SettingsView.swift in Sources */ = {isa = PBXBuildFile; fileRef = 2BDF900B1CD1B796002E42CC /* SettingsView.swift */; };
		2BDF900E1CD1B796002E42CC /* SettingsViewController.swift in Sources */ = {isa = PBXBuildFile; fileRef = 2BDF900C1CD1B796002E42CC /* SettingsViewController.swift */; };
		2BEF12E51CC83DD000F19FB6 /* BasicDraggableRestaurantView.swift in Sources */ = {isa = PBXBuildFile; fileRef = 2BEF12E41CC83DD000F19FB6 /* BasicDraggableRestaurantView.swift */; };
		D23B2E3F1CD197DF00869698 /* SavedRestaurantsTableViewController.swift in Sources */ = {isa = PBXBuildFile; fileRef = D23B2E3C1CD197DF00869698 /* SavedRestaurantsTableViewController.swift */; };
		D23B2E401CD197DF00869698 /* SavedRestaurantTableViewCell.swift in Sources */ = {isa = PBXBuildFile; fileRef = D23B2E3D1CD197DF00869698 /* SavedRestaurantTableViewCell.swift */; };
		D23B2E411CD197DF00869698 /* SavedRestuarantView.swift in Sources */ = {isa = PBXBuildFile; fileRef = D23B2E3E1CD197DF00869698 /* SavedRestuarantView.swift */; };
		D23B2E441CD1980600869698 /* BasicRestaurantView.swift in Sources */ = {isa = PBXBuildFile; fileRef = D23B2E421CD1980600869698 /* BasicRestaurantView.swift */; };
		D23B2E451CD1980600869698 /* BasicRestaurantViewController.swift in Sources */ = {isa = PBXBuildFile; fileRef = D23B2E431CD1980600869698 /* BasicRestaurantViewController.swift */; };
/* End PBXBuildFile section */

/* Begin PBXContainerItemProxy section */
		2B14E8EF1CC715D6006EF784 /* PBXContainerItemProxy */ = {
			isa = PBXContainerItemProxy;
			containerPortal = 2B14E8CF1CC715D6006EF784 /* Project object */;
			proxyType = 1;
			remoteGlobalIDString = 2B14E8D61CC715D6006EF784;
			remoteInfo = LocalEats;
		};
		2B14E8FA1CC715D6006EF784 /* PBXContainerItemProxy */ = {
			isa = PBXContainerItemProxy;
			containerPortal = 2B14E8CF1CC715D6006EF784 /* Project object */;
			proxyType = 1;
			remoteGlobalIDString = 2B14E8D61CC715D6006EF784;
			remoteInfo = LocalEats;
		};
/* End PBXContainerItemProxy section */

/* Begin PBXCopyFilesBuildPhase section */
		2B2D5FBB1CC73C3C008B6740 /* Embed Frameworks */ = {
			isa = PBXCopyFilesBuildPhase;
			buildActionMask = 2147483647;
			dstPath = "";
			dstSubfolderSpec = 10;
			files = (
			);
			name = "Embed Frameworks";
			runOnlyForDeploymentPostprocessing = 0;
		};
/* End PBXCopyFilesBuildPhase section */

/* Begin PBXFileReference section */
		2B0406931CCFF13E00AFE6D2 /* OverlayView.swift */ = {isa = PBXFileReference; fileEncoding = 4; lastKnownFileType = sourcecode.swift; path = OverlayView.swift; sourceTree = "<group>"; };
		2B14E8D71CC715D6006EF784 /* LocalEats.app */ = {isa = PBXFileReference; explicitFileType = wrapper.application; includeInIndex = 0; path = LocalEats.app; sourceTree = BUILT_PRODUCTS_DIR; };
		2B14E8DA1CC715D6006EF784 /* AppDelegate.swift */ = {isa = PBXFileReference; lastKnownFileType = sourcecode.swift; path = AppDelegate.swift; sourceTree = "<group>"; };
		2B14E8DC1CC715D6006EF784 /* MainRestaurantViewController.swift */ = {isa = PBXFileReference; lastKnownFileType = sourcecode.swift; path = MainRestaurantViewController.swift; sourceTree = "<group>"; };
		2B14E8DF1CC715D6006EF784 /* Base */ = {isa = PBXFileReference; lastKnownFileType = file.storyboard; name = Base; path = Base.lproj/Main.storyboard; sourceTree = "<group>"; };
		2B14E8E21CC715D6006EF784 /* LocalEats.xcdatamodel */ = {isa = PBXFileReference; lastKnownFileType = wrapper.xcdatamodel; path = LocalEats.xcdatamodel; sourceTree = "<group>"; };
		2B14E8E41CC715D6006EF784 /* Assets.xcassets */ = {isa = PBXFileReference; lastKnownFileType = folder.assetcatalog; path = Assets.xcassets; sourceTree = "<group>"; };
		2B14E8E71CC715D6006EF784 /* Base */ = {isa = PBXFileReference; lastKnownFileType = file.storyboard; name = Base; path = Base.lproj/LaunchScreen.storyboard; sourceTree = "<group>"; };
		2B14E8E91CC715D6006EF784 /* Info.plist */ = {isa = PBXFileReference; lastKnownFileType = text.plist.xml; path = Info.plist; sourceTree = "<group>"; };
		2B14E8EE1CC715D6006EF784 /* LocalEatsTests.xctest */ = {isa = PBXFileReference; explicitFileType = wrapper.cfbundle; includeInIndex = 0; path = LocalEatsTests.xctest; sourceTree = BUILT_PRODUCTS_DIR; };
		2B14E8F21CC715D6006EF784 /* LocalEatsTests.swift */ = {isa = PBXFileReference; lastKnownFileType = sourcecode.swift; path = LocalEatsTests.swift; sourceTree = "<group>"; };
		2B14E8F41CC715D6006EF784 /* Info.plist */ = {isa = PBXFileReference; lastKnownFileType = text.plist.xml; path = Info.plist; sourceTree = "<group>"; };
		2B14E8F91CC715D6006EF784 /* LocalEatsUITests.xctest */ = {isa = PBXFileReference; explicitFileType = wrapper.cfbundle; includeInIndex = 0; path = LocalEatsUITests.xctest; sourceTree = BUILT_PRODUCTS_DIR; };
		2B14E8FD1CC715D6006EF784 /* LocalEatsUITests.swift */ = {isa = PBXFileReference; lastKnownFileType = sourcecode.swift; path = LocalEatsUITests.swift; sourceTree = "<group>"; };
		2B14E8FF1CC715D6006EF784 /* Info.plist */ = {isa = PBXFileReference; lastKnownFileType = text.plist.xml; path = Info.plist; sourceTree = "<group>"; };
		2B2D5FAA1CC73136008B6740 /* CoreLocation.framework */ = {isa = PBXFileReference; lastKnownFileType = wrapper.framework; name = CoreLocation.framework; path = System/Library/Frameworks/CoreLocation.framework; sourceTree = SDKROOT; };
		2B2D5FB51CC73225008B6740 /* YelpAPILoader.swift */ = {isa = PBXFileReference; fileEncoding = 4; lastKnownFileType = sourcecode.swift; path = YelpAPILoader.swift; sourceTree = "<group>"; };
		2B2D5FBC1CC747A9008B6740 /* RestaurantList.swift */ = {isa = PBXFileReference; fileEncoding = 4; lastKnownFileType = sourcecode.swift; path = RestaurantList.swift; sourceTree = "<group>"; };
		2B2D5FBE1CC747C6008B6740 /* Restaurant.swift */ = {isa = PBXFileReference; fileEncoding = 4; lastKnownFileType = sourcecode.swift; path = Restaurant.swift; sourceTree = "<group>"; };
		2B4C4BE61CD1672800466363 /* YelpAPIClient.swift */ = {isa = PBXFileReference; fileEncoding = 4; lastKnownFileType = sourcecode.swift; path = YelpAPIClient.swift; sourceTree = "<group>"; };
		2B4FDA251CD13A12003BA747 /* UIImage+Gif.swift */ = {isa = PBXFileReference; fileEncoding = 4; lastKnownFileType = sourcecode.swift; path = "UIImage+Gif.swift"; sourceTree = "<group>"; };
		2B4FDA451CD141D1003BA747 /* yelp_star.gif */ = {isa = PBXFileReference; lastKnownFileType = image.gif; name = yelp_star.gif; path = Assets.xcassets/yelp_star.gif; sourceTree = "<group>"; };
		2BC064211CD1511000E23D9D /* Dictionary+OAuthSwift.swift */ = {isa = PBXFileReference; fileEncoding = 4; lastKnownFileType = sourcecode.swift; path = "Dictionary+OAuthSwift.swift"; sourceTree = "<group>"; };
		2BC064221CD1511000E23D9D /* HMAC.swift */ = {isa = PBXFileReference; fileEncoding = 4; lastKnownFileType = sourcecode.swift; path = HMAC.swift; sourceTree = "<group>"; };
		2BC064241CD1511000E23D9D /* Int+OAuthSwift.swift */ = {isa = PBXFileReference; fileEncoding = 4; lastKnownFileType = sourcecode.swift; path = "Int+OAuthSwift.swift"; sourceTree = "<group>"; };
		2BC064251CD1511000E23D9D /* NSData+OAuthSwift.swift */ = {isa = PBXFileReference; fileEncoding = 4; lastKnownFileType = sourcecode.swift; path = "NSData+OAuthSwift.swift"; sourceTree = "<group>"; };
		2BC064261CD1511000E23D9D /* NSDate+OAuthSwift.swift */ = {isa = PBXFileReference; fileEncoding = 4; lastKnownFileType = sourcecode.swift; path = "NSDate+OAuthSwift.swift"; sourceTree = "<group>"; };
		2BC064271CD1511000E23D9D /* NSURL+OAuthSwift.swift */ = {isa = PBXFileReference; fileEncoding = 4; lastKnownFileType = sourcecode.swift; path = "NSURL+OAuthSwift.swift"; sourceTree = "<group>"; };
		2BC064281CD1511000E23D9D /* OAuth1Swift.swift */ = {isa = PBXFileReference; fileEncoding = 4; lastKnownFileType = sourcecode.swift; path = OAuth1Swift.swift; sourceTree = "<group>"; };
		2BC064291CD1511000E23D9D /* OAuth2Swift.swift */ = {isa = PBXFileReference; fileEncoding = 4; lastKnownFileType = sourcecode.swift; path = OAuth2Swift.swift; sourceTree = "<group>"; };
		2BC0642A1CD1511000E23D9D /* OAuthSwift.h */ = {isa = PBXFileReference; fileEncoding = 4; lastKnownFileType = sourcecode.c.h; path = OAuthSwift.h; sourceTree = "<group>"; };
		2BC0642B1CD1511000E23D9D /* OAuthSwift.swift */ = {isa = PBXFileReference; fileEncoding = 4; lastKnownFileType = sourcecode.swift; path = OAuthSwift.swift; sourceTree = "<group>"; };
		2BC0642C1CD1511000E23D9D /* OAuthSwiftClient.swift */ = {isa = PBXFileReference; fileEncoding = 4; lastKnownFileType = sourcecode.swift; path = OAuthSwiftClient.swift; sourceTree = "<group>"; };
		2BC0642D1CD1511000E23D9D /* OAuthSwiftCredential.swift */ = {isa = PBXFileReference; fileEncoding = 4; lastKnownFileType = sourcecode.swift; path = OAuthSwiftCredential.swift; sourceTree = "<group>"; };
		2BC0642E1CD1511000E23D9D /* OAuthSwiftHTTPRequest.swift */ = {isa = PBXFileReference; fileEncoding = 4; lastKnownFileType = sourcecode.swift; path = OAuthSwiftHTTPRequest.swift; sourceTree = "<group>"; };
		2BC0642F1CD1511000E23D9D /* OAuthSwiftMultipartData.swift */ = {isa = PBXFileReference; fileEncoding = 4; lastKnownFileType = sourcecode.swift; path = OAuthSwiftMultipartData.swift; sourceTree = "<group>"; };
		2BC064301CD1511000E23D9D /* OAuthSwiftURLHandlerType.swift */ = {isa = PBXFileReference; fileEncoding = 4; lastKnownFileType = sourcecode.swift; path = OAuthSwiftURLHandlerType.swift; sourceTree = "<group>"; };
		2BC064311CD1511000E23D9D /* OAuthWebViewController.swift */ = {isa = PBXFileReference; fileEncoding = 4; lastKnownFileType = sourcecode.swift; path = OAuthWebViewController.swift; sourceTree = "<group>"; };
		2BC064321CD1511000E23D9D /* SHA1.swift */ = {isa = PBXFileReference; fileEncoding = 4; lastKnownFileType = sourcecode.swift; path = SHA1.swift; sourceTree = "<group>"; };
		2BC064331CD1511000E23D9D /* String+OAuthSwift.swift */ = {isa = PBXFileReference; fileEncoding = 4; lastKnownFileType = sourcecode.swift; path = "String+OAuthSwift.swift"; sourceTree = "<group>"; };
		2BC064341CD1511000E23D9D /* UIApplication+OAuthSwift.swift */ = {isa = PBXFileReference; fileEncoding = 4; lastKnownFileType = sourcecode.swift; path = "UIApplication+OAuthSwift.swift"; sourceTree = "<group>"; };
		2BC064351CD1511000E23D9D /* Utils.swift */ = {isa = PBXFileReference; fileEncoding = 4; lastKnownFileType = sourcecode.swift; path = Utils.swift; sourceTree = "<group>"; };
		2BCF8B8E1CC7E2A800F424F2 /* UserProfile.swift */ = {isa = PBXFileReference; fileEncoding = 4; lastKnownFileType = sourcecode.swift; path = UserProfile.swift; sourceTree = "<group>"; };
		2BDF900B1CD1B796002E42CC /* SettingsView.swift */ = {isa = PBXFileReference; fileEncoding = 4; lastKnownFileType = sourcecode.swift; name = SettingsView.swift; path = LocalEats/SettingsView.swift; sourceTree = "<group>"; };
		2BDF900C1CD1B796002E42CC /* SettingsViewController.swift */ = {isa = PBXFileReference; fileEncoding = 4; lastKnownFileType = sourcecode.swift; name = SettingsViewController.swift; path = LocalEats/SettingsViewController.swift; sourceTree = "<group>"; };
		2BEF12E41CC83DD000F19FB6 /* BasicDraggableRestaurantView.swift */ = {isa = PBXFileReference; fileEncoding = 4; lastKnownFileType = sourcecode.swift; path = BasicDraggableRestaurantView.swift; sourceTree = "<group>"; };
		D23B2E3C1CD197DF00869698 /* SavedRestaurantsTableViewController.swift */ = {isa = PBXFileReference; fileEncoding = 4; lastKnownFileType = sourcecode.swift; name = SavedRestaurantsTableViewController.swift; path = LocalEats/SavedRestaurantsTableViewController.swift; sourceTree = "<group>"; };
		D23B2E3D1CD197DF00869698 /* SavedRestaurantTableViewCell.swift */ = {isa = PBXFileReference; fileEncoding = 4; lastKnownFileType = sourcecode.swift; name = SavedRestaurantTableViewCell.swift; path = LocalEats/SavedRestaurantTableViewCell.swift; sourceTree = "<group>"; };
		D23B2E3E1CD197DF00869698 /* SavedRestuarantView.swift */ = {isa = PBXFileReference; fileEncoding = 4; lastKnownFileType = sourcecode.swift; name = SavedRestuarantView.swift; path = LocalEats/SavedRestuarantView.swift; sourceTree = "<group>"; };
		D23B2E421CD1980600869698 /* BasicRestaurantView.swift */ = {isa = PBXFileReference; fileEncoding = 4; lastKnownFileType = sourcecode.swift; name = BasicRestaurantView.swift; path = LocalEats/BasicRestaurantView.swift; sourceTree = "<group>"; };
		D23B2E431CD1980600869698 /* BasicRestaurantViewController.swift */ = {isa = PBXFileReference; fileEncoding = 4; lastKnownFileType = sourcecode.swift; name = BasicRestaurantViewController.swift; path = LocalEats/BasicRestaurantViewController.swift; sourceTree = "<group>"; };
/* End PBXFileReference section */

/* Begin PBXFrameworksBuildPhase section */
		2B14E8D41CC715D6006EF784 /* Frameworks */ = {
			isa = PBXFrameworksBuildPhase;
			buildActionMask = 2147483647;
			files = (
				2B2D5FAB1CC73136008B6740 /* CoreLocation.framework in Frameworks */,
			);
			runOnlyForDeploymentPostprocessing = 0;
		};
		2B14E8EB1CC715D6006EF784 /* Frameworks */ = {
			isa = PBXFrameworksBuildPhase;
			buildActionMask = 2147483647;
			files = (
			);
			runOnlyForDeploymentPostprocessing = 0;
		};
		2B14E8F61CC715D6006EF784 /* Frameworks */ = {
			isa = PBXFrameworksBuildPhase;
			buildActionMask = 2147483647;
			files = (
			);
			runOnlyForDeploymentPostprocessing = 0;
		};
/* End PBXFrameworksBuildPhase section */

/* Begin PBXGroup section */
		2B14E8CE1CC715D6006EF784 = {
			isa = PBXGroup;
			children = (
				2BDF900B1CD1B796002E42CC /* SettingsView.swift */,
				2BDF900C1CD1B796002E42CC /* SettingsViewController.swift */,
				D23B2E421CD1980600869698 /* BasicRestaurantView.swift */,
				D23B2E431CD1980600869698 /* BasicRestaurantViewController.swift */,
				D23B2E3C1CD197DF00869698 /* SavedRestaurantsTableViewController.swift */,
				D23B2E3D1CD197DF00869698 /* SavedRestaurantTableViewCell.swift */,
				D23B2E3E1CD197DF00869698 /* SavedRestuarantView.swift */,
				2BC064201CD1511000E23D9D /* OAuthSwift */,
				2B2D5FAA1CC73136008B6740 /* CoreLocation.framework */,
				2B14E8D91CC715D6006EF784 /* LocalEats */,
				2B14E8F11CC715D6006EF784 /* LocalEatsTests */,
				2B14E8FC1CC715D6006EF784 /* LocalEatsUITests */,
				2B14E8D81CC715D6006EF784 /* Products */,
			);
			sourceTree = "<group>";
		};
		2B14E8D81CC715D6006EF784 /* Products */ = {
			isa = PBXGroup;
			children = (
				2B14E8D71CC715D6006EF784 /* LocalEats.app */,
				2B14E8EE1CC715D6006EF784 /* LocalEatsTests.xctest */,
				2B14E8F91CC715D6006EF784 /* LocalEatsUITests.xctest */,
			);
			name = Products;
			sourceTree = "<group>";
		};
		2B14E8D91CC715D6006EF784 /* LocalEats */ = {
			isa = PBXGroup;
			children = (
				2B14E8DA1CC715D6006EF784 /* AppDelegate.swift */,
				2B2D5FB21CC73143008B6740 /* Model */,
				2B2D5FB31CC7314B008B6740 /* View */,
				2B14E8DE1CC715D6006EF784 /* Main.storyboard */,
				2B14E8E41CC715D6006EF784 /* Assets.xcassets */,
				2B2D5FB41CC73154008B6740 /* Controller */,
				2B14E8E61CC715D6006EF784 /* LaunchScreen.storyboard */,
				2B14E8E91CC715D6006EF784 /* Info.plist */,
				2B14E8E11CC715D6006EF784 /* LocalEats.xcdatamodeld */,
			);
			path = LocalEats;
			sourceTree = "<group>";
		};
		2B14E8F11CC715D6006EF784 /* LocalEatsTests */ = {
			isa = PBXGroup;
			children = (
				2B14E8F21CC715D6006EF784 /* LocalEatsTests.swift */,
				2B14E8F41CC715D6006EF784 /* Info.plist */,
			);
			path = LocalEatsTests;
			sourceTree = "<group>";
		};
		2B14E8FC1CC715D6006EF784 /* LocalEatsUITests */ = {
			isa = PBXGroup;
			children = (
				2B14E8FD1CC715D6006EF784 /* LocalEatsUITests.swift */,
				2B14E8FF1CC715D6006EF784 /* Info.plist */,
			);
			path = LocalEatsUITests;
			sourceTree = "<group>";
		};
		2B2D5FB21CC73143008B6740 /* Model */ = {
			isa = PBXGroup;
			children = (
				2BA789E31CC72EA30075880D /* YelpAPI */,
				2B2D5FBC1CC747A9008B6740 /* RestaurantList.swift */,
				2B2D5FBE1CC747C6008B6740 /* Restaurant.swift */,
				2BCF8B8E1CC7E2A800F424F2 /* UserProfile.swift */,
			);
			name = Model;
			sourceTree = "<group>";
		};
		2B2D5FB31CC7314B008B6740 /* View */ = {
			isa = PBXGroup;
			children = (
				2BEF12E41CC83DD000F19FB6 /* BasicDraggableRestaurantView.swift */,
				2B0406931CCFF13E00AFE6D2 /* OverlayView.swift */,
				2B4FDA251CD13A12003BA747 /* UIImage+Gif.swift */,
				2B4FDA451CD141D1003BA747 /* yelp_star.gif */,
			);
			name = View;
			sourceTree = "<group>";
		};
		2B2D5FB41CC73154008B6740 /* Controller */ = {
			isa = PBXGroup;
			children = (
				2B14E8DC1CC715D6006EF784 /* MainRestaurantViewController.swift */,
			);
			name = Controller;
			sourceTree = "<group>";
		};
		2BA789E31CC72EA30075880D /* YelpAPI */ = {
			isa = PBXGroup;
			children = (
				2B4C4BE61CD1672800466363 /* YelpAPIClient.swift */,
				2B2D5FB51CC73225008B6740 /* YelpAPILoader.swift */,
			);
			name = YelpAPI;
			sourceTree = "<group>";
		};
		2BC064201CD1511000E23D9D /* OAuthSwift */ = {
			isa = PBXGroup;
			children = (
				2BC064211CD1511000E23D9D /* Dictionary+OAuthSwift.swift */,
				2BC064221CD1511000E23D9D /* HMAC.swift */,
				2BC064241CD1511000E23D9D /* Int+OAuthSwift.swift */,
				2BC064251CD1511000E23D9D /* NSData+OAuthSwift.swift */,
				2BC064261CD1511000E23D9D /* NSDate+OAuthSwift.swift */,
				2BC064271CD1511000E23D9D /* NSURL+OAuthSwift.swift */,
				2BC064281CD1511000E23D9D /* OAuth1Swift.swift */,
				2BC064291CD1511000E23D9D /* OAuth2Swift.swift */,
				2BC0642A1CD1511000E23D9D /* OAuthSwift.h */,
				2BC0642B1CD1511000E23D9D /* OAuthSwift.swift */,
				2BC0642C1CD1511000E23D9D /* OAuthSwiftClient.swift */,
				2BC0642D1CD1511000E23D9D /* OAuthSwiftCredential.swift */,
				2BC0642F1CD1511000E23D9D /* OAuthSwiftMultipartData.swift */,
				2BC064301CD1511000E23D9D /* OAuthSwiftURLHandlerType.swift */,
				2BC0642E1CD1511000E23D9D /* OAuthSwiftHTTPRequest.swift */,
				2BC064311CD1511000E23D9D /* OAuthWebViewController.swift */,
				2BC064321CD1511000E23D9D /* SHA1.swift */,
				2BC064331CD1511000E23D9D /* String+OAuthSwift.swift */,
				2BC064341CD1511000E23D9D /* UIApplication+OAuthSwift.swift */,
				2BC064351CD1511000E23D9D /* Utils.swift */,
			);
			path = OAuthSwift;
			sourceTree = "<group>";
		};
/* End PBXGroup section */

/* Begin PBXNativeTarget section */
		2B14E8D61CC715D6006EF784 /* LocalEats */ = {
			isa = PBXNativeTarget;
			buildConfigurationList = 2B14E9021CC715D6006EF784 /* Build configuration list for PBXNativeTarget "LocalEats" */;
			buildPhases = (
				2B14E8D31CC715D6006EF784 /* Sources */,
				2B14E8D41CC715D6006EF784 /* Frameworks */,
				2B14E8D51CC715D6006EF784 /* Resources */,
				2B2D5FBB1CC73C3C008B6740 /* Embed Frameworks */,
			);
			buildRules = (
			);
			dependencies = (
			);
			name = LocalEats;
			productName = LocalEats;
			productReference = 2B14E8D71CC715D6006EF784 /* LocalEats.app */;
			productType = "com.apple.product-type.application";
		};
		2B14E8ED1CC715D6006EF784 /* LocalEatsTests */ = {
			isa = PBXNativeTarget;
			buildConfigurationList = 2B14E9051CC715D6006EF784 /* Build configuration list for PBXNativeTarget "LocalEatsTests" */;
			buildPhases = (
				2B14E8EA1CC715D6006EF784 /* Sources */,
				2B14E8EB1CC715D6006EF784 /* Frameworks */,
				2B14E8EC1CC715D6006EF784 /* Resources */,
			);
			buildRules = (
			);
			dependencies = (
				2B14E8F01CC715D6006EF784 /* PBXTargetDependency */,
			);
			name = LocalEatsTests;
			productName = LocalEatsTests;
			productReference = 2B14E8EE1CC715D6006EF784 /* LocalEatsTests.xctest */;
			productType = "com.apple.product-type.bundle.unit-test";
		};
		2B14E8F81CC715D6006EF784 /* LocalEatsUITests */ = {
			isa = PBXNativeTarget;
			buildConfigurationList = 2B14E9081CC715D6006EF784 /* Build configuration list for PBXNativeTarget "LocalEatsUITests" */;
			buildPhases = (
				2B14E8F51CC715D6006EF784 /* Sources */,
				2B14E8F61CC715D6006EF784 /* Frameworks */,
				2B14E8F71CC715D6006EF784 /* Resources */,
			);
			buildRules = (
			);
			dependencies = (
				2B14E8FB1CC715D6006EF784 /* PBXTargetDependency */,
			);
			name = LocalEatsUITests;
			productName = LocalEatsUITests;
			productReference = 2B14E8F91CC715D6006EF784 /* LocalEatsUITests.xctest */;
			productType = "com.apple.product-type.bundle.ui-testing";
		};
/* End PBXNativeTarget section */

/* Begin PBXProject section */
		2B14E8CF1CC715D6006EF784 /* Project object */ = {
			isa = PBXProject;
			attributes = {
				LastSwiftUpdateCheck = 0730;
				LastUpgradeCheck = 0730;
				ORGANIZATIONNAME = "Kevin Lowe";
				TargetAttributes = {
					2B14E8D61CC715D6006EF784 = {
						CreatedOnToolsVersion = 7.3;
						DevelopmentTeam = 8ANNNXK6LN;
					};
					2B14E8ED1CC715D6006EF784 = {
						CreatedOnToolsVersion = 7.3;
						DevelopmentTeam = 8ANNNXK6LN;
						TestTargetID = 2B14E8D61CC715D6006EF784;
					};
					2B14E8F81CC715D6006EF784 = {
						CreatedOnToolsVersion = 7.3;
						DevelopmentTeam = 8ANNNXK6LN;
						TestTargetID = 2B14E8D61CC715D6006EF784;
					};
				};
			};
			buildConfigurationList = 2B14E8D21CC715D6006EF784 /* Build configuration list for PBXProject "LocalEats" */;
			compatibilityVersion = "Xcode 3.2";
			developmentRegion = English;
			hasScannedForEncodings = 0;
			knownRegions = (
				en,
				Base,
				ja,
			);
			mainGroup = 2B14E8CE1CC715D6006EF784;
			productRefGroup = 2B14E8D81CC715D6006EF784 /* Products */;
			projectDirPath = "";
			projectRoot = "";
			targets = (
				2B14E8D61CC715D6006EF784 /* LocalEats */,
				2B14E8ED1CC715D6006EF784 /* LocalEatsTests */,
				2B14E8F81CC715D6006EF784 /* LocalEatsUITests */,
			);
		};
/* End PBXProject section */

/* Begin PBXResourcesBuildPhase section */
		2B14E8D51CC715D6006EF784 /* Resources */ = {
			isa = PBXResourcesBuildPhase;
			buildActionMask = 2147483647;
			files = (
				2B4FDA461CD141D1003BA747 /* yelp_star.gif in Resources */,
				2B14E8E81CC715D6006EF784 /* LaunchScreen.storyboard in Resources */,
				2B14E8E51CC715D6006EF784 /* Assets.xcassets in Resources */,
				2B14E8E01CC715D6006EF784 /* Main.storyboard in Resources */,
			);
			runOnlyForDeploymentPostprocessing = 0;
		};
		2B14E8EC1CC715D6006EF784 /* Resources */ = {
			isa = PBXResourcesBuildPhase;
			buildActionMask = 2147483647;
			files = (
			);
			runOnlyForDeploymentPostprocessing = 0;
		};
		2B14E8F71CC715D6006EF784 /* Resources */ = {
			isa = PBXResourcesBuildPhase;
			buildActionMask = 2147483647;
			files = (
			);
			runOnlyForDeploymentPostprocessing = 0;
		};
/* End PBXResourcesBuildPhase section */

/* Begin PBXSourcesBuildPhase section */
		2B14E8D31CC715D6006EF784 /* Sources */ = {
			isa = PBXSourcesBuildPhase;
			buildActionMask = 2147483647;
			files = (
				2BC0643A1CD1511000E23D9D /* NSData+OAuthSwift.swift in Sources */,
				2B2D5FBD1CC747A9008B6740 /* RestaurantList.swift in Sources */,
				2BC064471CD1511000E23D9D /* String+OAuthSwift.swift in Sources */,
				2BC064431CD1511000E23D9D /* OAuthSwiftMultipartData.swift in Sources */,
				2B2D5FB61CC73225008B6740 /* YelpAPILoader.swift in Sources */,
				2BC064491CD1511000E23D9D /* Utils.swift in Sources */,
				2BC0643C1CD1511000E23D9D /* NSURL+OAuthSwift.swift in Sources */,
				2B14E8DD1CC715D6006EF784 /* MainRestaurantViewController.swift in Sources */,
				2BC0643F1CD1511000E23D9D /* OAuthSwift.swift in Sources */,
				2BC064391CD1511000E23D9D /* Int+OAuthSwift.swift in Sources */,
				2B4FDA261CD13A12003BA747 /* UIImage+Gif.swift in Sources */,
				2BC0643D1CD1511000E23D9D /* OAuth1Swift.swift in Sources */,
				D23B2E401CD197DF00869698 /* SavedRestaurantTableViewCell.swift in Sources */,
				2B2D5FBF1CC747C6008B6740 /* Restaurant.swift in Sources */,
				2BC064361CD1511000E23D9D /* Dictionary+OAuthSwift.swift in Sources */,
				2BC064421CD1511000E23D9D /* OAuthSwiftHTTPRequest.swift in Sources */,
				D23B2E441CD1980600869698 /* BasicRestaurantView.swift in Sources */,
				2BC064371CD1511000E23D9D /* HMAC.swift in Sources */,
				D23B2E3F1CD197DF00869698 /* SavedRestaurantsTableViewController.swift in Sources */,
				2BC064441CD1511000E23D9D /* OAuthSwiftURLHandlerType.swift in Sources */,
				2B4C4BE71CD1672800466363 /* YelpAPIClient.swift in Sources */,
				2BDF900D1CD1B796002E42CC /* SettingsView.swift in Sources */,
				2BCF8B8F1CC7E2A800F424F2 /* UserProfile.swift in Sources */,
				2BC0643B1CD1511000E23D9D /* NSDate+OAuthSwift.swift in Sources */,
				D23B2E451CD1980600869698 /* BasicRestaurantViewController.swift in Sources */,
				2BDF900E1CD1B796002E42CC /* SettingsViewController.swift in Sources */,
				2B14E8E31CC715D6006EF784 /* LocalEats.xcdatamodeld in Sources */,
				2BEF12E51CC83DD000F19FB6 /* BasicDraggableRestaurantView.swift in Sources */,
				2BC064411CD1511000E23D9D /* OAuthSwiftCredential.swift in Sources */,
				2BC064481CD1511000E23D9D /* UIApplication+OAuthSwift.swift in Sources */,
				2B14E8DB1CC715D6006EF784 /* AppDelegate.swift in Sources */,
				2BC064451CD1511000E23D9D /* OAuthWebViewController.swift in Sources */,
				2BC064461CD1511000E23D9D /* SHA1.swift in Sources */,
				2B0406941CCFF13E00AFE6D2 /* OverlayView.swift in Sources */,
				2BC0643E1CD1511000E23D9D /* OAuth2Swift.swift in Sources */,
				D23B2E411CD197DF00869698 /* SavedRestuarantView.swift in Sources */,
				2BC064401CD1511000E23D9D /* OAuthSwiftClient.swift in Sources */,
			);
			runOnlyForDeploymentPostprocessing = 0;
		};
		2B14E8EA1CC715D6006EF784 /* Sources */ = {
			isa = PBXSourcesBuildPhase;
			buildActionMask = 2147483647;
			files = (
				2B14E8F31CC715D6006EF784 /* LocalEatsTests.swift in Sources */,
			);
			runOnlyForDeploymentPostprocessing = 0;
		};
		2B14E8F51CC715D6006EF784 /* Sources */ = {
			isa = PBXSourcesBuildPhase;
			buildActionMask = 2147483647;
			files = (
				2B14E8FE1CC715D6006EF784 /* LocalEatsUITests.swift in Sources */,
			);
			runOnlyForDeploymentPostprocessing = 0;
		};
/* End PBXSourcesBuildPhase section */

/* Begin PBXTargetDependency section */
		2B14E8F01CC715D6006EF784 /* PBXTargetDependency */ = {
			isa = PBXTargetDependency;
			target = 2B14E8D61CC715D6006EF784 /* LocalEats */;
			targetProxy = 2B14E8EF1CC715D6006EF784 /* PBXContainerItemProxy */;
		};
		2B14E8FB1CC715D6006EF784 /* PBXTargetDependency */ = {
			isa = PBXTargetDependency;
			target = 2B14E8D61CC715D6006EF784 /* LocalEats */;
			targetProxy = 2B14E8FA1CC715D6006EF784 /* PBXContainerItemProxy */;
		};
/* End PBXTargetDependency section */

/* Begin PBXVariantGroup section */
		2B14E8DE1CC715D6006EF784 /* Main.storyboard */ = {
			isa = PBXVariantGroup;
			children = (
				2B14E8DF1CC715D6006EF784 /* Base */,
			);
			name = Main.storyboard;
			sourceTree = "<group>";
		};
		2B14E8E61CC715D6006EF784 /* LaunchScreen.storyboard */ = {
			isa = PBXVariantGroup;
			children = (
				2B14E8E71CC715D6006EF784 /* Base */,
			);
			name = LaunchScreen.storyboard;
			sourceTree = "<group>";
		};
/* End PBXVariantGroup section */

/* Begin XCBuildConfiguration section */
		2B14E9001CC715D6006EF784 /* Debug */ = {
			isa = XCBuildConfiguration;
			buildSettings = {
				ALWAYS_SEARCH_USER_PATHS = NO;
				CLANG_ANALYZER_NONNULL = YES;
				CLANG_CXX_LANGUAGE_STANDARD = "gnu++0x";
				CLANG_CXX_LIBRARY = "libc++";
				CLANG_ENABLE_MODULES = YES;
				CLANG_ENABLE_OBJC_ARC = YES;
				CLANG_WARN_BOOL_CONVERSION = YES;
				CLANG_WARN_CONSTANT_CONVERSION = YES;
				CLANG_WARN_DIRECT_OBJC_ISA_USAGE = YES_ERROR;
				CLANG_WARN_EMPTY_BODY = YES;
				CLANG_WARN_ENUM_CONVERSION = YES;
				CLANG_WARN_INT_CONVERSION = YES;
				CLANG_WARN_OBJC_ROOT_CLASS = YES_ERROR;
				CLANG_WARN_UNREACHABLE_CODE = YES;
				CLANG_WARN__DUPLICATE_METHOD_MATCH = YES;
				"CODE_SIGN_IDENTITY[sdk=iphoneos*]" = "iPhone Developer";
				COPY_PHASE_STRIP = NO;
				DEBUG_INFORMATION_FORMAT = dwarf;
				ENABLE_STRICT_OBJC_MSGSEND = YES;
				ENABLE_TESTABILITY = YES;
				GCC_C_LANGUAGE_STANDARD = gnu99;
				GCC_DYNAMIC_NO_PIC = NO;
				GCC_NO_COMMON_BLOCKS = YES;
				GCC_OPTIMIZATION_LEVEL = 0;
				GCC_PREPROCESSOR_DEFINITIONS = (
					"DEBUG=1",
					"$(inherited)",
				);
				GCC_WARN_64_TO_32_BIT_CONVERSION = YES;
				GCC_WARN_ABOUT_RETURN_TYPE = YES_ERROR;
				GCC_WARN_UNDECLARED_SELECTOR = YES;
				GCC_WARN_UNINITIALIZED_AUTOS = YES_AGGRESSIVE;
				GCC_WARN_UNUSED_FUNCTION = YES;
				GCC_WARN_UNUSED_VARIABLE = YES;
				IPHONEOS_DEPLOYMENT_TARGET = 9.3;
				MTL_ENABLE_DEBUG_INFO = YES;
				ONLY_ACTIVE_ARCH = YES;
				SDKROOT = iphoneos;
				SWIFT_OPTIMIZATION_LEVEL = "-Onone";
				TARGETED_DEVICE_FAMILY = "1,2";
			};
			name = Debug;
		};
		2B14E9011CC715D6006EF784 /* Release */ = {
			isa = XCBuildConfiguration;
			buildSettings = {
				ALWAYS_SEARCH_USER_PATHS = NO;
				CLANG_ANALYZER_NONNULL = YES;
				CLANG_CXX_LANGUAGE_STANDARD = "gnu++0x";
				CLANG_CXX_LIBRARY = "libc++";
				CLANG_ENABLE_MODULES = YES;
				CLANG_ENABLE_OBJC_ARC = YES;
				CLANG_WARN_BOOL_CONVERSION = YES;
				CLANG_WARN_CONSTANT_CONVERSION = YES;
				CLANG_WARN_DIRECT_OBJC_ISA_USAGE = YES_ERROR;
				CLANG_WARN_EMPTY_BODY = YES;
				CLANG_WARN_ENUM_CONVERSION = YES;
				CLANG_WARN_INT_CONVERSION = YES;
				CLANG_WARN_OBJC_ROOT_CLASS = YES_ERROR;
				CLANG_WARN_UNREACHABLE_CODE = YES;
				CLANG_WARN__DUPLICATE_METHOD_MATCH = YES;
				"CODE_SIGN_IDENTITY[sdk=iphoneos*]" = "iPhone Developer";
				COPY_PHASE_STRIP = NO;
				DEBUG_INFORMATION_FORMAT = "dwarf-with-dsym";
				ENABLE_NS_ASSERTIONS = NO;
				ENABLE_STRICT_OBJC_MSGSEND = YES;
				GCC_C_LANGUAGE_STANDARD = gnu99;
				GCC_NO_COMMON_BLOCKS = YES;
				GCC_WARN_64_TO_32_BIT_CONVERSION = YES;
				GCC_WARN_ABOUT_RETURN_TYPE = YES_ERROR;
				GCC_WARN_UNDECLARED_SELECTOR = YES;
				GCC_WARN_UNINITIALIZED_AUTOS = YES_AGGRESSIVE;
				GCC_WARN_UNUSED_FUNCTION = YES;
				GCC_WARN_UNUSED_VARIABLE = YES;
				IPHONEOS_DEPLOYMENT_TARGET = 9.3;
				MTL_ENABLE_DEBUG_INFO = NO;
				SDKROOT = iphoneos;
				TARGETED_DEVICE_FAMILY = "1,2";
				VALIDATE_PRODUCT = YES;
			};
			name = Release;
		};
		2B14E9031CC715D6006EF784 /* Debug */ = {
			isa = XCBuildConfiguration;
			buildSettings = {
				ASSETCATALOG_COMPILER_APPICON_NAME = AppIcon;
				EMBEDDED_CONTENT_CONTAINS_SWIFT = YES;
				FRAMEWORK_SEARCH_PATHS = "$(inherited)";
				INFOPLIST_FILE = LocalEats/Info.plist;
				LD_RUNPATH_SEARCH_PATHS = "$(inherited) @executable_path/Frameworks";
				PRODUCT_BUNDLE_IDENTIFIER = lowekevin.LocalEats;
				PRODUCT_NAME = "$(TARGET_NAME)";
			};
			name = Debug;
		};
		2B14E9041CC715D6006EF784 /* Release */ = {
			isa = XCBuildConfiguration;
			buildSettings = {
				ASSETCATALOG_COMPILER_APPICON_NAME = AppIcon;
				EMBEDDED_CONTENT_CONTAINS_SWIFT = YES;
				FRAMEWORK_SEARCH_PATHS = "$(inherited)";
				INFOPLIST_FILE = LocalEats/Info.plist;
				LD_RUNPATH_SEARCH_PATHS = "$(inherited) @executable_path/Frameworks";
				PRODUCT_BUNDLE_IDENTIFIER = lowekevin.LocalEats;
				PRODUCT_NAME = "$(TARGET_NAME)";
			};
			name = Release;
		};
		2B14E9061CC715D6006EF784 /* Debug */ = {
			isa = XCBuildConfiguration;
			buildSettings = {
				BUNDLE_LOADER = "$(TEST_HOST)";
				INFOPLIST_FILE = LocalEatsTests/Info.plist;
				LD_RUNPATH_SEARCH_PATHS = "$(inherited) @executable_path/Frameworks @loader_path/Frameworks";
				PRODUCT_BUNDLE_IDENTIFIER = lowekevin.LocalEatsTests;
				PRODUCT_NAME = "$(TARGET_NAME)";
				TEST_HOST = "$(BUILT_PRODUCTS_DIR)/LocalEats.app/LocalEats";
			};
			name = Debug;
		};
		2B14E9071CC715D6006EF784 /* Release */ = {
			isa = XCBuildConfiguration;
			buildSettings = {
				BUNDLE_LOADER = "$(TEST_HOST)";
				INFOPLIST_FILE = LocalEatsTests/Info.plist;
				LD_RUNPATH_SEARCH_PATHS = "$(inherited) @executable_path/Frameworks @loader_path/Frameworks";
				PRODUCT_BUNDLE_IDENTIFIER = lowekevin.LocalEatsTests;
				PRODUCT_NAME = "$(TARGET_NAME)";
				TEST_HOST = "$(BUILT_PRODUCTS_DIR)/LocalEats.app/LocalEats";
			};
			name = Release;
		};
		2B14E9091CC715D6006EF784 /* Debug */ = {
			isa = XCBuildConfiguration;
			buildSettings = {
				INFOPLIST_FILE = LocalEatsUITests/Info.plist;
				LD_RUNPATH_SEARCH_PATHS = "$(inherited) @executable_path/Frameworks @loader_path/Frameworks";
				PRODUCT_BUNDLE_IDENTIFIER = lowekevin.LocalEatsUITests;
				PRODUCT_NAME = "$(TARGET_NAME)";
				TEST_TARGET_NAME = LocalEats;
			};
			name = Debug;
		};
		2B14E90A1CC715D6006EF784 /* Release */ = {
			isa = XCBuildConfiguration;
			buildSettings = {
				INFOPLIST_FILE = LocalEatsUITests/Info.plist;
				LD_RUNPATH_SEARCH_PATHS = "$(inherited) @executable_path/Frameworks @loader_path/Frameworks";
				PRODUCT_BUNDLE_IDENTIFIER = lowekevin.LocalEatsUITests;
				PRODUCT_NAME = "$(TARGET_NAME)";
				TEST_TARGET_NAME = LocalEats;
			};
			name = Release;
		};
/* End XCBuildConfiguration section */

/* Begin XCConfigurationList section */
		2B14E8D21CC715D6006EF784 /* Build configuration list for PBXProject "LocalEats" */ = {
			isa = XCConfigurationList;
			buildConfigurations = (
				2B14E9001CC715D6006EF784 /* Debug */,
				2B14E9011CC715D6006EF784 /* Release */,
			);
			defaultConfigurationIsVisible = 0;
			defaultConfigurationName = Release;
		};
		2B14E9021CC715D6006EF784 /* Build configuration list for PBXNativeTarget "LocalEats" */ = {
			isa = XCConfigurationList;
			buildConfigurations = (
				2B14E9031CC715D6006EF784 /* Debug */,
				2B14E9041CC715D6006EF784 /* Release */,
			);
			defaultConfigurationIsVisible = 0;
			defaultConfigurationName = Release;
		};
		2B14E9051CC715D6006EF784 /* Build configuration list for PBXNativeTarget "LocalEatsTests" */ = {
			isa = XCConfigurationList;
			buildConfigurations = (
				2B14E9061CC715D6006EF784 /* Debug */,
				2B14E9071CC715D6006EF784 /* Release */,
			);
			defaultConfigurationIsVisible = 0;
			defaultConfigurationName = Release;
		};
		2B14E9081CC715D6006EF784 /* Build configuration list for PBXNativeTarget "LocalEatsUITests" */ = {
			isa = XCConfigurationList;
			buildConfigurations = (
				2B14E9091CC715D6006EF784 /* Debug */,
				2B14E90A1CC715D6006EF784 /* Release */,
			);
			defaultConfigurationIsVisible = 0;
			defaultConfigurationName = Release;
		};
/* End XCConfigurationList section */

/* Begin XCVersionGroup section */
		2B14E8E11CC715D6006EF784 /* LocalEats.xcdatamodeld */ = {
			isa = XCVersionGroup;
			children = (
				2B14E8E21CC715D6006EF784 /* LocalEats.xcdatamodel */,
			);
			currentVersion = 2B14E8E21CC715D6006EF784 /* LocalEats.xcdatamodel */;
			path = LocalEats.xcdatamodeld;
			sourceTree = "<group>";
			versionGroupType = wrapper.xcdatamodel;
		};
/* End XCVersionGroup section */
	};
	rootObject = 2B14E8CF1CC715D6006EF784 /* Project object */;
}
