// !$*UTF8*$!
{
	archiveVersion = 1;
	classes = {
	};
	objectVersion = 46;
	objects = {

/* Begin PBXBuildFile section */
		2B0406941CCFF13E00AFE6D2 /* OverlayView.swift in Sources */ = {isa = PBXBuildFile; fileRef = 2B0406931CCFF13E00AFE6D2 /* OverlayView.swift */; };
		2B14E8DB1CC715D6006EF784 /* AppDelegate.swift in Sources */ = {isa = PBXBuildFile; fileRef = 2B14E8DA1CC715D6006EF784 /* AppDelegate.swift */; };
		2B14E8DD1CC715D6006EF784 /* MainRestaurantViewController.swift in Sources */ = {isa = PBXBuildFile; fileRef = 2B14E8DC1CC715D6006EF784 /* MainRestaurantViewController.swift */; };
		2B14E8E01CC715D6006EF784 /* Main.storyboard in Resources */ = {isa = PBXBuildFile; fileRef = 2B14E8DE1CC715D6006EF784 /* Main.storyboard */; };
		2B14E8E31CC715D6006EF784 /* LocalEats.xcdatamodeld in Sources */ = {isa = PBXBuildFile; fileRef = 2B14E8E11CC715D6006EF784 /* LocalEats.xcdatamodeld */; };
		2B14E8E51CC715D6006EF784 /* Assets.xcassets in Resources */ = {isa = PBXBuildFile; fileRef = 2B14E8E41CC715D6006EF784 /* Assets.xcassets */; };
		2B14E8E81CC715D6006EF784 /* LaunchScreen.storyboard in Resources */ = {isa = PBXBuildFile; fileRef = 2B14E8E61CC715D6006EF784 /* LaunchScreen.storyboard */; };
		2B14E8F31CC715D6006EF784 /* LocalEatsTests.swift in Sources */ = {isa = PBXBuildFile; fileRef = 2B14E8F21CC715D6006EF784 /* LocalEatsTests.swift */; };
		2B14E8FE1CC715D6006EF784 /* LocalEatsUITests.swift in Sources */ = {isa = PBXBuildFile; fileRef = 2B14E8FD1CC715D6006EF784 /* LocalEatsUITests.swift */; };
		2B2D5FAB1CC73136008B6740 /* CoreLocation.framework in Frameworks */ = {isa = PBXBuildFile; fileRef = 2B2D5FAA1CC73136008B6740 /* CoreLocation.framework */; };
		2B2D5FB61CC73225008B6740 /* YelpAPILoader.swift in Sources */ = {isa = PBXBuildFile; fileRef = 2B2D5FB51CC73225008B6740 /* YelpAPILoader.swift */; };
		2B2D5FBD1CC747A9008B6740 /* RestaurantList.swift in Sources */ = {isa = PBXBuildFile; fileRef = 2B2D5FBC1CC747A9008B6740 /* RestaurantList.swift */; };
		2B2D5FBF1CC747C6008B6740 /* Restaurant.swift in Sources */ = {isa = PBXBuildFile; fileRef = 2B2D5FBE1CC747C6008B6740 /* Restaurant.swift */; };
		2B4FDA261CD13A12003BA747 /* UIImage+Gif.swift in Sources */ = {isa = PBXBuildFile; fileRef = 2B4FDA251CD13A12003BA747 /* UIImage+Gif.swift */; };
		2B4FDA421CD13BF3003BA747 /* yelp_star.gif in Resources */ = {isa = PBXBuildFile; fileRef = 2B4FDA411CD13BF3003BA747 /* yelp_star.gif */; };
		2B4FDA441CD1405C003BA747 /* yelp_trans.gif in Resources */ = {isa = PBXBuildFile; fileRef = 2B4FDA431CD1405C003BA747 /* yelp_trans.gif */; };
		2BCF8B8F1CC7E2A800F424F2 /* UserProfile.swift in Sources */ = {isa = PBXBuildFile; fileRef = 2BCF8B8E1CC7E2A800F424F2 /* UserProfile.swift */; };
		2BEF12E51CC83DD000F19FB6 /* BasicDraggableRestaurantView.swift in Sources */ = {isa = PBXBuildFile; fileRef = 2BEF12E41CC83DD000F19FB6 /* BasicDraggableRestaurantView.swift */; };
		2BEF13071CCBF17300F19FB6 /* YelpAPIClient.swift in Sources */ = {isa = PBXBuildFile; fileRef = 2BEF13061CCBF17300F19FB6 /* YelpAPIClient.swift */; };
/* End PBXBuildFile section */

/* Begin PBXContainerItemProxy section */
		2B14E8EF1CC715D6006EF784 /* PBXContainerItemProxy */ = {
			isa = PBXContainerItemProxy;
			containerPortal = 2B14E8CF1CC715D6006EF784 /* Project object */;
			proxyType = 1;
			remoteGlobalIDString = 2B14E8D61CC715D6006EF784;
			remoteInfo = LocalEats;
		};
		2B14E8FA1CC715D6006EF784 /* PBXContainerItemProxy */ = {
			isa = PBXContainerItemProxy;
			containerPortal = 2B14E8CF1CC715D6006EF784 /* Project object */;
			proxyType = 1;
			remoteGlobalIDString = 2B14E8D61CC715D6006EF784;
			remoteInfo = LocalEats;
		};
		2B4FDA311CD13A37003BA747 /* PBXContainerItemProxy */ = {
			isa = PBXContainerItemProxy;
			containerPortal = 2B4FDA271CD13A37003BA747 /* OAuthSwift.xcodeproj */;
			proxyType = 2;
			remoteGlobalIDString = F435027A1A6791B200038A29;
			remoteInfo = OAuthSwift;
		};
		2B4FDA331CD13A37003BA747 /* PBXContainerItemProxy */ = {
			isa = PBXContainerItemProxy;
			containerPortal = 2B4FDA271CD13A37003BA747 /* OAuthSwift.xcodeproj */;
			proxyType = 2;
			remoteGlobalIDString = F451E3C5195B8CD80051434C;
			remoteInfo = OAuthSwiftDemo;
		};
		2B4FDA351CD13A37003BA747 /* PBXContainerItemProxy */ = {
			isa = PBXContainerItemProxy;
			containerPortal = 2B4FDA271CD13A37003BA747 /* OAuthSwift.xcodeproj */;
			proxyType = 2;
			remoteGlobalIDString = C48B28021AFA598D00C7DEF6;
			remoteInfo = OAuthSwiftOSX;
		};
		2B4FDA371CD13A37003BA747 /* PBXContainerItemProxy */ = {
			isa = PBXContainerItemProxy;
			containerPortal = 2B4FDA271CD13A37003BA747 /* OAuthSwift.xcodeproj */;
			proxyType = 2;
			remoteGlobalIDString = C49FD5241AFB5DF500791E1A;
			remoteInfo = OAuthSwiftOSXDemo;
		};
		2B4FDA391CD13A37003BA747 /* PBXContainerItemProxy */ = {
			isa = PBXContainerItemProxy;
			containerPortal = 2B4FDA271CD13A37003BA747 /* OAuthSwift.xcodeproj */;
			proxyType = 2;
			remoteGlobalIDString = C4B6EE1E1BF74CE300443596;
			remoteInfo = OAuthSwiftTVOS;
		};
		2B4FDA3B1CD13A37003BA747 /* PBXContainerItemProxy */ = {
			isa = PBXContainerItemProxy;
			containerPortal = 2B4FDA271CD13A37003BA747 /* OAuthSwift.xcodeproj */;
			proxyType = 2;
			remoteGlobalIDString = C40890C01C11B37000E3146A;
			remoteInfo = OAuthSwiftWatchOS;
		};
		2B4FDA3D1CD13A37003BA747 /* PBXContainerItemProxy */ = {
			isa = PBXContainerItemProxy;
			containerPortal = 2B4FDA271CD13A37003BA747 /* OAuthSwift.xcodeproj */;
			proxyType = 2;
			remoteGlobalIDString = C4D50DF71BFB693F0053B624;
			remoteInfo = OAuthSwiftTests;
		};
		2B4FDA3F1CD13B0E003BA747 /* PBXContainerItemProxy */ = {
			isa = PBXContainerItemProxy;
			containerPortal = 2B4FDA271CD13A37003BA747 /* OAuthSwift.xcodeproj */;
			proxyType = 1;
			remoteGlobalIDString = F43502791A6791B200038A29;
			remoteInfo = OAuthSwift;
		};
/* End PBXContainerItemProxy section */

/* Begin PBXCopyFilesBuildPhase section */
		2B2D5FBB1CC73C3C008B6740 /* Embed Frameworks */ = {
			isa = PBXCopyFilesBuildPhase;
			buildActionMask = 2147483647;
			dstPath = "";
			dstSubfolderSpec = 10;
			files = (
			);
			name = "Embed Frameworks";
			runOnlyForDeploymentPostprocessing = 0;
		};
/* End PBXCopyFilesBuildPhase section */

/* Begin PBXFileReference section */
		2B0406931CCFF13E00AFE6D2 /* OverlayView.swift */ = {isa = PBXFileReference; fileEncoding = 4; lastKnownFileType = sourcecode.swift; path = OverlayView.swift; sourceTree = "<group>"; };
		2B14E8D71CC715D6006EF784 /* LocalEats.app */ = {isa = PBXFileReference; explicitFileType = wrapper.application; includeInIndex = 0; path = LocalEats.app; sourceTree = BUILT_PRODUCTS_DIR; };
		2B14E8DA1CC715D6006EF784 /* AppDelegate.swift */ = {isa = PBXFileReference; lastKnownFileType = sourcecode.swift; path = AppDelegate.swift; sourceTree = "<group>"; };
		2B14E8DC1CC715D6006EF784 /* MainRestaurantViewController.swift */ = {isa = PBXFileReference; lastKnownFileType = sourcecode.swift; path = MainRestaurantViewController.swift; sourceTree = "<group>"; };
		2B14E8DF1CC715D6006EF784 /* Base */ = {isa = PBXFileReference; lastKnownFileType = file.storyboard; name = Base; path = Base.lproj/Main.storyboard; sourceTree = "<group>"; };
		2B14E8E21CC715D6006EF784 /* LocalEats.xcdatamodel */ = {isa = PBXFileReference; lastKnownFileType = wrapper.xcdatamodel; path = LocalEats.xcdatamodel; sourceTree = "<group>"; };
		2B14E8E41CC715D6006EF784 /* Assets.xcassets */ = {isa = PBXFileReference; lastKnownFileType = folder.assetcatalog; path = Assets.xcassets; sourceTree = "<group>"; };
		2B14E8E71CC715D6006EF784 /* Base */ = {isa = PBXFileReference; lastKnownFileType = file.storyboard; name = Base; path = Base.lproj/LaunchScreen.storyboard; sourceTree = "<group>"; };
		2B14E8E91CC715D6006EF784 /* Info.plist */ = {isa = PBXFileReference; lastKnownFileType = text.plist.xml; path = Info.plist; sourceTree = "<group>"; };
		2B14E8EE1CC715D6006EF784 /* LocalEatsTests.xctest */ = {isa = PBXFileReference; explicitFileType = wrapper.cfbundle; includeInIndex = 0; path = LocalEatsTests.xctest; sourceTree = BUILT_PRODUCTS_DIR; };
		2B14E8F21CC715D6006EF784 /* LocalEatsTests.swift */ = {isa = PBXFileReference; lastKnownFileType = sourcecode.swift; path = LocalEatsTests.swift; sourceTree = "<group>"; };
		2B14E8F41CC715D6006EF784 /* Info.plist */ = {isa = PBXFileReference; lastKnownFileType = text.plist.xml; path = Info.plist; sourceTree = "<group>"; };
		2B14E8F91CC715D6006EF784 /* LocalEatsUITests.xctest */ = {isa = PBXFileReference; explicitFileType = wrapper.cfbundle; includeInIndex = 0; path = LocalEatsUITests.xctest; sourceTree = BUILT_PRODUCTS_DIR; };
		2B14E8FD1CC715D6006EF784 /* LocalEatsUITests.swift */ = {isa = PBXFileReference; lastKnownFileType = sourcecode.swift; path = LocalEatsUITests.swift; sourceTree = "<group>"; };
		2B14E8FF1CC715D6006EF784 /* Info.plist */ = {isa = PBXFileReference; lastKnownFileType = text.plist.xml; path = Info.plist; sourceTree = "<group>"; };
		2B2D5FAA1CC73136008B6740 /* CoreLocation.framework */ = {isa = PBXFileReference; lastKnownFileType = wrapper.framework; name = CoreLocation.framework; path = System/Library/Frameworks/CoreLocation.framework; sourceTree = SDKROOT; };
		2B2D5FB51CC73225008B6740 /* YelpAPILoader.swift */ = {isa = PBXFileReference; fileEncoding = 4; lastKnownFileType = sourcecode.swift; path = YelpAPILoader.swift; sourceTree = "<group>"; };
		2B2D5FBC1CC747A9008B6740 /* RestaurantList.swift */ = {isa = PBXFileReference; fileEncoding = 4; lastKnownFileType = sourcecode.swift; path = RestaurantList.swift; sourceTree = "<group>"; };
		2B2D5FBE1CC747C6008B6740 /* Restaurant.swift */ = {isa = PBXFileReference; fileEncoding = 4; lastKnownFileType = sourcecode.swift; path = Restaurant.swift; sourceTree = "<group>"; };
		2B4FDA251CD13A12003BA747 /* UIImage+Gif.swift */ = {isa = PBXFileReference; fileEncoding = 4; lastKnownFileType = sourcecode.swift; name = "UIImage+Gif.swift"; path = "LocalEats/UIImage+Gif.swift"; sourceTree = "<group>"; };
		2B4FDA271CD13A37003BA747 /* OAuthSwift.xcodeproj */ = {isa = PBXFileReference; lastKnownFileType = "wrapper.pb-project"; name = OAuthSwift.xcodeproj; path = Carthage/Checkouts/OAuthSwift/OAuthSwift.xcodeproj; sourceTree = "<group>"; };
		2B4FDA411CD13BF3003BA747 /* yelp_star.gif */ = {isa = PBXFileReference; lastKnownFileType = image.gif; name = yelp_star.gif; path = Assets.xcassets/yelp_star.gif; sourceTree = "<group>"; };
		2B4FDA431CD1405C003BA747 /* yelp_trans.gif */ = {isa = PBXFileReference; lastKnownFileType = image.gif; name = yelp_trans.gif; path = ../../../Desktop/yelp_trans.gif; sourceTree = "<group>"; };
		2BCF8B8E1CC7E2A800F424F2 /* UserProfile.swift */ = {isa = PBXFileReference; fileEncoding = 4; lastKnownFileType = sourcecode.swift; path = UserProfile.swift; sourceTree = "<group>"; };
		2BEF12E41CC83DD000F19FB6 /* BasicDraggableRestaurantView.swift */ = {isa = PBXFileReference; fileEncoding = 4; lastKnownFileType = sourcecode.swift; path = BasicDraggableRestaurantView.swift; sourceTree = "<group>"; };
		2BEF13061CCBF17300F19FB6 /* YelpAPIClient.swift */ = {isa = PBXFileReference; fileEncoding = 4; lastKnownFileType = sourcecode.swift; path = YelpAPIClient.swift; sourceTree = "<group>"; };
/* End PBXFileReference section */

/* Begin PBXFrameworksBuildPhase section */
		2B14E8D41CC715D6006EF784 /* Frameworks */ = {
			isa = PBXFrameworksBuildPhase;
			buildActionMask = 2147483647;
			files = (
				2B2D5FAB1CC73136008B6740 /* CoreLocation.framework in Frameworks */,
			);
			runOnlyForDeploymentPostprocessing = 0;
		};
		2B14E8EB1CC715D6006EF784 /* Frameworks */ = {
			isa = PBXFrameworksBuildPhase;
			buildActionMask = 2147483647;
			files = (
			);
			runOnlyForDeploymentPostprocessing = 0;
		};
		2B14E8F61CC715D6006EF784 /* Frameworks */ = {
			isa = PBXFrameworksBuildPhase;
			buildActionMask = 2147483647;
			files = (
			);
			runOnlyForDeploymentPostprocessing = 0;
		};
/* End PBXFrameworksBuildPhase section */

/* Begin PBXGroup section */
		2B14E8CE1CC715D6006EF784 = {
			isa = PBXGroup;
			children = (
				2B4FDA251CD13A12003BA747 /* UIImage+Gif.swift */,
				2B2D5FAA1CC73136008B6740 /* CoreLocation.framework */,
				2B14E8D91CC715D6006EF784 /* LocalEats */,
				2B14E8F11CC715D6006EF784 /* LocalEatsTests */,
				2B14E8FC1CC715D6006EF784 /* LocalEatsUITests */,
				2B14E8D81CC715D6006EF784 /* Products */,
				2B4FDA271CD13A37003BA747 /* OAuthSwift.xcodeproj */,
			);
			sourceTree = "<group>";
		};
		2B14E8D81CC715D6006EF784 /* Products */ = {
			isa = PBXGroup;
			children = (
				2B14E8D71CC715D6006EF784 /* LocalEats.app */,
				2B14E8EE1CC715D6006EF784 /* LocalEatsTests.xctest */,
				2B14E8F91CC715D6006EF784 /* LocalEatsUITests.xctest */,
			);
			name = Products;
			sourceTree = "<group>";
		};
		2B14E8D91CC715D6006EF784 /* LocalEats */ = {
			isa = PBXGroup;
			children = (
				2B14E8DA1CC715D6006EF784 /* AppDelegate.swift */,
				2B2D5FB21CC73143008B6740 /* Model */,
				2B2D5FB31CC7314B008B6740 /* View */,
				2B14E8DE1CC715D6006EF784 /* Main.storyboard */,
				2B14E8E41CC715D6006EF784 /* Assets.xcassets */,
				2B4FDA411CD13BF3003BA747 /* yelp_star.gif */,
				2B2D5FB41CC73154008B6740 /* Controller */,
				2B14E8E61CC715D6006EF784 /* LaunchScreen.storyboard */,
				2B14E8E91CC715D6006EF784 /* Info.plist */,
				2B14E8E11CC715D6006EF784 /* LocalEats.xcdatamodeld */,
			);
			path = LocalEats;
			sourceTree = "<group>";
		};
		2B14E8F11CC715D6006EF784 /* LocalEatsTests */ = {
			isa = PBXGroup;
			children = (
				2B14E8F21CC715D6006EF784 /* LocalEatsTests.swift */,
				2B14E8F41CC715D6006EF784 /* Info.plist */,
			);
			path = LocalEatsTests;
			sourceTree = "<group>";
		};
		2B14E8FC1CC715D6006EF784 /* LocalEatsUITests */ = {
			isa = PBXGroup;
			children = (
				2B14E8FD1CC715D6006EF784 /* LocalEatsUITests.swift */,
				2B14E8FF1CC715D6006EF784 /* Info.plist */,
			);
			path = LocalEatsUITests;
			sourceTree = "<group>";
		};
		2B2D5FB21CC73143008B6740 /* Model */ = {
			isa = PBXGroup;
			children = (
				2BA789E31CC72EA30075880D /* YelpAPI */,
				2B2D5FBC1CC747A9008B6740 /* RestaurantList.swift */,
				2B2D5FBE1CC747C6008B6740 /* Restaurant.swift */,
				2BCF8B8E1CC7E2A800F424F2 /* UserProfile.swift */,
			);
			name = Model;
			sourceTree = "<group>";
		};
		2B2D5FB31CC7314B008B6740 /* View */ = {
			isa = PBXGroup;
			children = (
				2BEF12E41CC83DD000F19FB6 /* BasicDraggableRestaurantView.swift */,
				2B0406931CCFF13E00AFE6D2 /* OverlayView.swift */,
			);
			name = View;
			sourceTree = "<group>";
		};
		2B2D5FB41CC73154008B6740 /* Controller */ = {
			isa = PBXGroup;
			children = (
				2B14E8DC1CC715D6006EF784 /* MainRestaurantViewController.swift */,
				2B4FDA431CD1405C003BA747 /* yelp_trans.gif */,
			);
			name = Controller;
			sourceTree = "<group>";
		};
		2B4FDA281CD13A37003BA747 /* Products */ = {
			isa = PBXGroup;
			children = (
				2B4FDA321CD13A37003BA747 /* OAuthSwift.framework */,
				2B4FDA341CD13A37003BA747 /* OAuthSwiftDemo.app */,
				2B4FDA361CD13A37003BA747 /* OAuthSwift.framework */,
				2B4FDA381CD13A37003BA747 /* OAuthSwiftOSXDemo.app */,
				2B4FDA3A1CD13A37003BA747 /* OAuthSwift.framework */,
				2B4FDA3C1CD13A37003BA747 /* OAuthSwift.framework */,
				2B4FDA3E1CD13A37003BA747 /* OAuthSwiftTests.xctest */,
			);
			name = Products;
			sourceTree = "<group>";
		};
		2BA789E31CC72EA30075880D /* YelpAPI */ = {
			isa = PBXGroup;
			children = (
				2BEF13061CCBF17300F19FB6 /* YelpAPIClient.swift */,
				2B2D5FB51CC73225008B6740 /* YelpAPILoader.swift */,
			);
			name = YelpAPI;
			sourceTree = "<group>";
		};
/* End PBXGroup section */

/* Begin PBXNativeTarget section */
		2B14E8D61CC715D6006EF784 /* LocalEats */ = {
			isa = PBXNativeTarget;
			buildConfigurationList = 2B14E9021CC715D6006EF784 /* Build configuration list for PBXNativeTarget "LocalEats" */;
			buildPhases = (
				2B14E8D31CC715D6006EF784 /* Sources */,
				2B14E8D41CC715D6006EF784 /* Frameworks */,
				2B14E8D51CC715D6006EF784 /* Resources */,
				2B2D5FBB1CC73C3C008B6740 /* Embed Frameworks */,
			);
			buildRules = (
			);
			dependencies = (
				2B4FDA401CD13B0E003BA747 /* PBXTargetDependency */,
			);
			name = LocalEats;
			productName = LocalEats;
			productReference = 2B14E8D71CC715D6006EF784 /* LocalEats.app */;
			productType = "com.apple.product-type.application";
		};
		2B14E8ED1CC715D6006EF784 /* LocalEatsTests */ = {
			isa = PBXNativeTarget;
			buildConfigurationList = 2B14E9051CC715D6006EF784 /* Build configuration list for PBXNativeTarget "LocalEatsTests" */;
			buildPhases = (
				2B14E8EA1CC715D6006EF784 /* Sources */,
				2B14E8EB1CC715D6006EF784 /* Frameworks */,
				2B14E8EC1CC715D6006EF784 /* Resources */,
			);
			buildRules = (
			);
			dependencies = (
				2B14E8F01CC715D6006EF784 /* PBXTargetDependency */,
			);
			name = LocalEatsTests;
			productName = LocalEatsTests;
			productReference = 2B14E8EE1CC715D6006EF784 /* LocalEatsTests.xctest */;
			productType = "com.apple.product-type.bundle.unit-test";
		};
		2B14E8F81CC715D6006EF784 /* LocalEatsUITests */ = {
			isa = PBXNativeTarget;
			buildConfigurationList = 2B14E9081CC715D6006EF784 /* Build configuration list for PBXNativeTarget "LocalEatsUITests" */;
			buildPhases = (
				2B14E8F51CC715D6006EF784 /* Sources */,
				2B14E8F61CC715D6006EF784 /* Frameworks */,
				2B14E8F71CC715D6006EF784 /* Resources */,
			);
			buildRules = (
			);
			dependencies = (
				2B14E8FB1CC715D6006EF784 /* PBXTargetDependency */,
			);
			name = LocalEatsUITests;
			productName = LocalEatsUITests;
			productReference = 2B14E8F91CC715D6006EF784 /* LocalEatsUITests.xctest */;
			productType = "com.apple.product-type.bundle.ui-testing";
		};
/* End PBXNativeTarget section */

/* Begin PBXProject section */
		2B14E8CF1CC715D6006EF784 /* Project object */ = {
			isa = PBXProject;
			attributes = {
				LastSwiftUpdateCheck = 0730;
				LastUpgradeCheck = 0730;
				ORGANIZATIONNAME = "Kevin Lowe";
				TargetAttributes = {
					2B14E8D61CC715D6006EF784 = {
						CreatedOnToolsVersion = 7.3;
						DevelopmentTeam = 8ANNNXK6LN;
					};
					2B14E8ED1CC715D6006EF784 = {
						CreatedOnToolsVersion = 7.3;
						DevelopmentTeam = 8ANNNXK6LN;
						TestTargetID = 2B14E8D61CC715D6006EF784;
					};
					2B14E8F81CC715D6006EF784 = {
						CreatedOnToolsVersion = 7.3;
						DevelopmentTeam = 8ANNNXK6LN;
						TestTargetID = 2B14E8D61CC715D6006EF784;
					};
				};
			};
			buildConfigurationList = 2B14E8D21CC715D6006EF784 /* Build configuration list for PBXProject "LocalEats" */;
			compatibilityVersion = "Xcode 3.2";
			developmentRegion = English;
			hasScannedForEncodings = 0;
			knownRegions = (
				en,
				Base,
				ja,
			);
			mainGroup = 2B14E8CE1CC715D6006EF784;
			productRefGroup = 2B14E8D81CC715D6006EF784 /* Products */;
			projectDirPath = "";
			projectReferences = (
				{
					ProductGroup = 2B4FDA281CD13A37003BA747 /* Products */;
					ProjectRef = 2B4FDA271CD13A37003BA747 /* OAuthSwift.xcodeproj */;
				},
			);
			projectRoot = "";
			targets = (
				2B14E8D61CC715D6006EF784 /* LocalEats */,
				2B14E8ED1CC715D6006EF784 /* LocalEatsTests */,
				2B14E8F81CC715D6006EF784 /* LocalEatsUITests */,
			);
		};
/* End PBXProject section */

/* Begin PBXReferenceProxy section */
		2B4FDA321CD13A37003BA747 /* OAuthSwift.framework */ = {
			isa = PBXReferenceProxy;
			fileType = wrapper.framework;
			path = OAuthSwift.framework;
			remoteRef = 2B4FDA311CD13A37003BA747 /* PBXContainerItemProxy */;
			sourceTree = BUILT_PRODUCTS_DIR;
		};
		2B4FDA341CD13A37003BA747 /* OAuthSwiftDemo.app */ = {
			isa = PBXReferenceProxy;
			fileType = wrapper.application;
			path = OAuthSwiftDemo.app;
			remoteRef = 2B4FDA331CD13A37003BA747 /* PBXContainerItemProxy */;
			sourceTree = BUILT_PRODUCTS_DIR;
		};
		2B4FDA361CD13A37003BA747 /* OAuthSwift.framework */ = {
			isa = PBXReferenceProxy;
			fileType = wrapper.framework;
			path = OAuthSwift.framework;
			remoteRef = 2B4FDA351CD13A37003BA747 /* PBXContainerItemProxy */;
			sourceTree = BUILT_PRODUCTS_DIR;
		};
		2B4FDA381CD13A37003BA747 /* OAuthSwiftOSXDemo.app */ = {
			isa = PBXReferenceProxy;
			fileType = wrapper.application;
			path = OAuthSwiftOSXDemo.app;
			remoteRef = 2B4FDA371CD13A37003BA747 /* PBXContainerItemProxy */;
			sourceTree = BUILT_PRODUCTS_DIR;
		};
		2B4FDA3A1CD13A37003BA747 /* OAuthSwift.framework */ = {
			isa = PBXReferenceProxy;
			fileType = wrapper.framework;
			path = OAuthSwift.framework;
			remoteRef = 2B4FDA391CD13A37003BA747 /* PBXContainerItemProxy */;
			sourceTree = BUILT_PRODUCTS_DIR;
		};
		2B4FDA3C1CD13A37003BA747 /* OAuthSwift.framework */ = {
			isa = PBXReferenceProxy;
			fileType = wrapper.framework;
			path = OAuthSwift.framework;
			remoteRef = 2B4FDA3B1CD13A37003BA747 /* PBXContainerItemProxy */;
			sourceTree = BUILT_PRODUCTS_DIR;
		};
		2B4FDA3E1CD13A37003BA747 /* OAuthSwiftTests.xctest */ = {
			isa = PBXReferenceProxy;
			fileType = wrapper.cfbundle;
			path = OAuthSwiftTests.xctest;
			remoteRef = 2B4FDA3D1CD13A37003BA747 /* PBXContainerItemProxy */;
			sourceTree = BUILT_PRODUCTS_DIR;
		};
/* End PBXReferenceProxy section */

/* Begin PBXResourcesBuildPhase section */
		2B14E8D51CC715D6006EF784 /* Resources */ = {
			isa = PBXResourcesBuildPhase;
			buildActionMask = 2147483647;
			files = (
				2B4FDA421CD13BF3003BA747 /* yelp_star.gif in Resources */,
				2B14E8E81CC715D6006EF784 /* LaunchScreen.storyboard in Resources */,
				2B4FDA441CD1405C003BA747 /* yelp_trans.gif in Resources */,
				2B14E8E51CC715D6006EF784 /* Assets.xcassets in Resources */,
				2B14E8E01CC715D6006EF784 /* Main.storyboard in Resources */,
			);
			runOnlyForDeploymentPostprocessing = 0;
		};
		2B14E8EC1CC715D6006EF784 /* Resources */ = {
			isa = PBXResourcesBuildPhase;
			buildActionMask = 2147483647;
			files = (
			);
			runOnlyForDeploymentPostprocessing = 0;
		};
		2B14E8F71CC715D6006EF784 /* Resources */ = {
			isa = PBXResourcesBuildPhase;
			buildActionMask = 2147483647;
			files = (
			);
			runOnlyForDeploymentPostprocessing = 0;
		};
/* End PBXResourcesBuildPhase section */

/* Begin PBXSourcesBuildPhase section */
		2B14E8D31CC715D6006EF784 /* Sources */ = {
			isa = PBXSourcesBuildPhase;
			buildActionMask = 2147483647;
			files = (
				2B2D5FBD1CC747A9008B6740 /* RestaurantList.swift in Sources */,
				2B2D5FB61CC73225008B6740 /* YelpAPILoader.swift in Sources */,
				2B14E8DD1CC715D6006EF784 /* MainRestaurantViewController.swift in Sources */,
				2B4FDA261CD13A12003BA747 /* UIImage+Gif.swift in Sources */,
				2B2D5FBF1CC747C6008B6740 /* Restaurant.swift in Sources */,
				2BCF8B8F1CC7E2A800F424F2 /* UserProfile.swift in Sources */,
				2B14E8E31CC715D6006EF784 /* LocalEats.xcdatamodeld in Sources */,
				2BEF12E51CC83DD000F19FB6 /* BasicDraggableRestaurantView.swift in Sources */,
				2B14E8DB1CC715D6006EF784 /* AppDelegate.swift in Sources */,
				2BEF13071CCBF17300F19FB6 /* YelpAPIClient.swift in Sources */,
				2B0406941CCFF13E00AFE6D2 /* OverlayView.swift in Sources */,
			);
			runOnlyForDeploymentPostprocessing = 0;
		};
		2B14E8EA1CC715D6006EF784 /* Sources */ = {
			isa = PBXSourcesBuildPhase;
			buildActionMask = 2147483647;
			files = (
				2B14E8F31CC715D6006EF784 /* LocalEatsTests.swift in Sources */,
			);
			runOnlyForDeploymentPostprocessing = 0;
		};
		2B14E8F51CC715D6006EF784 /* Sources */ = {
			isa = PBXSourcesBuildPhase;
			buildActionMask = 2147483647;
			files = (
				2B14E8FE1CC715D6006EF784 /* LocalEatsUITests.swift in Sources */,
			);
			runOnlyForDeploymentPostprocessing = 0;
		};
/* End PBXSourcesBuildPhase section */

/* Begin PBXTargetDependency section */
		2B14E8F01CC715D6006EF784 /* PBXTargetDependency */ = {
			isa = PBXTargetDependency;
			target = 2B14E8D61CC715D6006EF784 /* LocalEats */;
			targetProxy = 2B14E8EF1CC715D6006EF784 /* PBXContainerItemProxy */;
		};
		2B14E8FB1CC715D6006EF784 /* PBXTargetDependency */ = {
			isa = PBXTargetDependency;
			target = 2B14E8D61CC715D6006EF784 /* LocalEats */;
			targetProxy = 2B14E8FA1CC715D6006EF784 /* PBXContainerItemProxy */;
		};
		2B4FDA401CD13B0E003BA747 /* PBXTargetDependency */ = {
			isa = PBXTargetDependency;
			name = OAuthSwift;
			targetProxy = 2B4FDA3F1CD13B0E003BA747 /* PBXContainerItemProxy */;
		};
/* End PBXTargetDependency section */

/* Begin PBXVariantGroup section */
		2B14E8DE1CC715D6006EF784 /* Main.storyboard */ = {
			isa = PBXVariantGroup;
			children = (
				2B14E8DF1CC715D6006EF784 /* Base */,
			);
			name = Main.storyboard;
			sourceTree = "<group>";
		};
		2B14E8E61CC715D6006EF784 /* LaunchScreen.storyboard */ = {
			isa = PBXVariantGroup;
			children = (
				2B14E8E71CC715D6006EF784 /* Base */,
			);
			name = LaunchScreen.storyboard;
			sourceTree = "<group>";
		};
/* End PBXVariantGroup section */

/* Begin XCBuildConfiguration section */
		2B14E9001CC715D6006EF784 /* Debug */ = {
			isa = XCBuildConfiguration;
			buildSettings = {
				ALWAYS_SEARCH_USER_PATHS = NO;
				CLANG_ANALYZER_NONNULL = YES;
				CLANG_CXX_LANGUAGE_STANDARD = "gnu++0x";
				CLANG_CXX_LIBRARY = "libc++";
				CLANG_ENABLE_MODULES = YES;
				CLANG_ENABLE_OBJC_ARC = YES;
				CLANG_WARN_BOOL_CONVERSION = YES;
				CLANG_WARN_CONSTANT_CONVERSION = YES;
				CLANG_WARN_DIRECT_OBJC_ISA_USAGE = YES_ERROR;
				CLANG_WARN_EMPTY_BODY = YES;
				CLANG_WARN_ENUM_CONVERSION = YES;
				CLANG_WARN_INT_CONVERSION = YES;
				CLANG_WARN_OBJC_ROOT_CLASS = YES_ERROR;
				CLANG_WARN_UNREACHABLE_CODE = YES;
				CLANG_WARN__DUPLICATE_METHOD_MATCH = YES;
				"CODE_SIGN_IDENTITY[sdk=iphoneos*]" = "iPhone Developer";
				COPY_PHASE_STRIP = NO;
				DEBUG_INFORMATION_FORMAT = dwarf;
				ENABLE_STRICT_OBJC_MSGSEND = YES;
				ENABLE_TESTABILITY = YES;
				GCC_C_LANGUAGE_STANDARD = gnu99;
				GCC_DYNAMIC_NO_PIC = NO;
				GCC_NO_COMMON_BLOCKS = YES;
				GCC_OPTIMIZATION_LEVEL = 0;
				GCC_PREPROCESSOR_DEFINITIONS = (
					"DEBUG=1",
					"$(inherited)",
				);
				GCC_WARN_64_TO_32_BIT_CONVERSION = YES;
				GCC_WARN_ABOUT_RETURN_TYPE = YES_ERROR;
				GCC_WARN_UNDECLARED_SELECTOR = YES;
				GCC_WARN_UNINITIALIZED_AUTOS = YES_AGGRESSIVE;
				GCC_WARN_UNUSED_FUNCTION = YES;
				GCC_WARN_UNUSED_VARIABLE = YES;
				IPHONEOS_DEPLOYMENT_TARGET = 9.3;
				MTL_ENABLE_DEBUG_INFO = YES;
				ONLY_ACTIVE_ARCH = YES;
				SDKROOT = iphoneos;
				SWIFT_OPTIMIZATION_LEVEL = "-Onone";
				TARGETED_DEVICE_FAMILY = "1,2";
			};
			name = Debug;
		};
		2B14E9011CC715D6006EF784 /* Release */ = {
			isa = XCBuildConfiguration;
			buildSettings = {
				ALWAYS_SEARCH_USER_PATHS = NO;
				CLANG_ANALYZER_NONNULL = YES;
				CLANG_CXX_LANGUAGE_STANDARD = "gnu++0x";
				CLANG_CXX_LIBRARY = "libc++";
				CLANG_ENABLE_MODULES = YES;
				CLANG_ENABLE_OBJC_ARC = YES;
				CLANG_WARN_BOOL_CONVERSION = YES;
				CLANG_WARN_CONSTANT_CONVERSION = YES;
				CLANG_WARN_DIRECT_OBJC_ISA_USAGE = YES_ERROR;
				CLANG_WARN_EMPTY_BODY = YES;
				CLANG_WARN_ENUM_CONVERSION = YES;
				CLANG_WARN_INT_CONVERSION = YES;
				CLANG_WARN_OBJC_ROOT_CLASS = YES_ERROR;
				CLANG_WARN_UNREACHABLE_CODE = YES;
				CLANG_WARN__DUPLICATE_METHOD_MATCH = YES;
				"CODE_SIGN_IDENTITY[sdk=iphoneos*]" = "iPhone Developer";
				COPY_PHASE_STRIP = NO;
				DEBUG_INFORMATION_FORMAT = "dwarf-with-dsym";
				ENABLE_NS_ASSERTIONS = NO;
				ENABLE_STRICT_OBJC_MSGSEND = YES;
				GCC_C_LANGUAGE_STANDARD = gnu99;
				GCC_NO_COMMON_BLOCKS = YES;
				GCC_WARN_64_TO_32_BIT_CONVERSION = YES;
				GCC_WARN_ABOUT_RETURN_TYPE = YES_ERROR;
				GCC_WARN_UNDECLARED_SELECTOR = YES;
				GCC_WARN_UNINITIALIZED_AUTOS = YES_AGGRESSIVE;
				GCC_WARN_UNUSED_FUNCTION = YES;
				GCC_WARN_UNUSED_VARIABLE = YES;
				IPHONEOS_DEPLOYMENT_TARGET = 9.3;
				MTL_ENABLE_DEBUG_INFO = NO;
				SDKROOT = iphoneos;
				TARGETED_DEVICE_FAMILY = "1,2";
				VALIDATE_PRODUCT = YES;
			};
			name = Release;
		};
		2B14E9031CC715D6006EF784 /* Debug */ = {
			isa = XCBuildConfiguration;
			buildSettings = {
				ASSETCATALOG_COMPILER_APPICON_NAME = AppIcon;
				EMBEDDED_CONTENT_CONTAINS_SWIFT = YES;
				FRAMEWORK_SEARCH_PATHS = (
					"$(inherited)",
					"$(PROJECT_DIR)/Carthage/Checkouts/OAuthSwift/Carthage/Build/iOS",
					"$(PROJECT_DIR)/Carthage/Checkouts/OAuthSwift/Carthage/Build/Mac",
					"$(PROJECT_DIR)/Carthage/Checkouts/OAuthSwift/Carthage/Build/tvOS",
				);
				INFOPLIST_FILE = LocalEats/Info.plist;
				LD_RUNPATH_SEARCH_PATHS = "$(inherited) @executable_path/Frameworks";
				PRODUCT_BUNDLE_IDENTIFIER = lowekevin.LocalEats;
				PRODUCT_NAME = "$(TARGET_NAME)";
			};
			name = Debug;
		};
		2B14E9041CC715D6006EF784 /* Release */ = {
			isa = XCBuildConfiguration;
			buildSettings = {
				ASSETCATALOG_COMPILER_APPICON_NAME = AppIcon;
				EMBEDDED_CONTENT_CONTAINS_SWIFT = YES;
				FRAMEWORK_SEARCH_PATHS = (
					"$(inherited)",
					"$(PROJECT_DIR)/Carthage/Checkouts/OAuthSwift/Carthage/Build/iOS",
					"$(PROJECT_DIR)/Carthage/Checkouts/OAuthSwift/Carthage/Build/Mac",
					"$(PROJECT_DIR)/Carthage/Checkouts/OAuthSwift/Carthage/Build/tvOS",
				);
				INFOPLIST_FILE = LocalEats/Info.plist;
				LD_RUNPATH_SEARCH_PATHS = "$(inherited) @executable_path/Frameworks";
				PRODUCT_BUNDLE_IDENTIFIER = lowekevin.LocalEats;
				PRODUCT_NAME = "$(TARGET_NAME)";
			};
			name = Release;
		};
		2B14E9061CC715D6006EF784 /* Debug */ = {
			isa = XCBuildConfiguration;
			buildSettings = {
				BUNDLE_LOADER = "$(TEST_HOST)";
				INFOPLIST_FILE = LocalEatsTests/Info.plist;
				LD_RUNPATH_SEARCH_PATHS = "$(inherited) @executable_path/Frameworks @loader_path/Frameworks";
				PRODUCT_BUNDLE_IDENTIFIER = lowekevin.LocalEatsTests;
				PRODUCT_NAME = "$(TARGET_NAME)";
				TEST_HOST = "$(BUILT_PRODUCTS_DIR)/LocalEats.app/LocalEats";
			};
			name = Debug;
		};
		2B14E9071CC715D6006EF784 /* Release */ = {
			isa = XCBuildConfiguration;
			buildSettings = {
				BUNDLE_LOADER = "$(TEST_HOST)";
				INFOPLIST_FILE = LocalEatsTests/Info.plist;
				LD_RUNPATH_SEARCH_PATHS = "$(inherited) @executable_path/Frameworks @loader_path/Frameworks";
				PRODUCT_BUNDLE_IDENTIFIER = lowekevin.LocalEatsTests;
				PRODUCT_NAME = "$(TARGET_NAME)";
				TEST_HOST = "$(BUILT_PRODUCTS_DIR)/LocalEats.app/LocalEats";
			};
			name = Release;
		};
		2B14E9091CC715D6006EF784 /* Debug */ = {
			isa = XCBuildConfiguration;
			buildSettings = {
				INFOPLIST_FILE = LocalEatsUITests/Info.plist;
				LD_RUNPATH_SEARCH_PATHS = "$(inherited) @executable_path/Frameworks @loader_path/Frameworks";
				PRODUCT_BUNDLE_IDENTIFIER = lowekevin.LocalEatsUITests;
				PRODUCT_NAME = "$(TARGET_NAME)";
				TEST_TARGET_NAME = LocalEats;
			};
			name = Debug;
		};
		2B14E90A1CC715D6006EF784 /* Release */ = {
			isa = XCBuildConfiguration;
			buildSettings = {
				INFOPLIST_FILE = LocalEatsUITests/Info.plist;
				LD_RUNPATH_SEARCH_PATHS = "$(inherited) @executable_path/Frameworks @loader_path/Frameworks";
				PRODUCT_BUNDLE_IDENTIFIER = lowekevin.LocalEatsUITests;
				PRODUCT_NAME = "$(TARGET_NAME)";
				TEST_TARGET_NAME = LocalEats;
			};
			name = Release;
		};
/* End XCBuildConfiguration section */

/* Begin XCConfigurationList section */
		2B14E8D21CC715D6006EF784 /* Build configuration list for PBXProject "LocalEats" */ = {
			isa = XCConfigurationList;
			buildConfigurations = (
				2B14E9001CC715D6006EF784 /* Debug */,
				2B14E9011CC715D6006EF784 /* Release */,
			);
			defaultConfigurationIsVisible = 0;
			defaultConfigurationName = Release;
		};
		2B14E9021CC715D6006EF784 /* Build configuration list for PBXNativeTarget "LocalEats" */ = {
			isa = XCConfigurationList;
			buildConfigurations = (
				2B14E9031CC715D6006EF784 /* Debug */,
				2B14E9041CC715D6006EF784 /* Release */,
			);
			defaultConfigurationIsVisible = 0;
			defaultConfigurationName = Release;
		};
		2B14E9051CC715D6006EF784 /* Build configuration list for PBXNativeTarget "LocalEatsTests" */ = {
			isa = XCConfigurationList;
			buildConfigurations = (
				2B14E9061CC715D6006EF784 /* Debug */,
				2B14E9071CC715D6006EF784 /* Release */,
			);
			defaultConfigurationIsVisible = 0;
			defaultConfigurationName = Release;
		};
		2B14E9081CC715D6006EF784 /* Build configuration list for PBXNativeTarget "LocalEatsUITests" */ = {
			isa = XCConfigurationList;
			buildConfigurations = (
				2B14E9091CC715D6006EF784 /* Debug */,
				2B14E90A1CC715D6006EF784 /* Release */,
			);
			defaultConfigurationIsVisible = 0;
			defaultConfigurationName = Release;
		};
/* End XCConfigurationList section */

/* Begin XCVersionGroup section */
		2B14E8E11CC715D6006EF784 /* LocalEats.xcdatamodeld */ = {
			isa = XCVersionGroup;
			children = (
				2B14E8E21CC715D6006EF784 /* LocalEats.xcdatamodel */,
			);
			currentVersion = 2B14E8E21CC715D6006EF784 /* LocalEats.xcdatamodel */;
			path = LocalEats.xcdatamodeld;
			sourceTree = "<group>";
			versionGroupType = wrapper.xcdatamodel;
		};
/* End XCVersionGroup section */
	};
	rootObject = 2B14E8CF1CC715D6006EF784 /* Project object */;
}
